// !$*UTF8*$!
{
	archiveVersion = 1;
	classes = {
	};
	objectVersion = 56;
	objects = {

/* Begin PBXBuildFile section */
		AA000001000000000000001 /* eSklepiosApp.swift in Sources */ = {isa = PBXBuildFile; fileRef = AA100001000000000000001 /* eSklepiosApp.swift */; };
		/* Views */
		AA000001000000000000002 /* SplashView.swift in Sources */ = {isa = PBXBuildFile; fileRef = AA100001000000000000002 /* SplashView.swift */; };
		AA000001000000000000003 /* LandingView.swift in Sources */ = {isa = PBXBuildFile; fileRef = AA100001000000000000003 /* LandingView.swift */; };
		AA000001000000000000004 /* LoginView.swift in Sources */ = {isa = PBXBuildFile; fileRef = AA100001000000000000004 /* LoginView.swift */; };
		AA000001000000000000005 /* RegisterView.swift in Sources */ = {isa = PBXBuildFile; fileRef = AA100001000000000000005 /* RegisterView.swift */; };
		AA000001000000000000006 /* ForgotPasswordView.swift in Sources */ = {isa = PBXBuildFile; fileRef = AA100001000000000000006 /* ForgotPasswordView.swift */; };
		AA000001000000000000007 /* HomeView.swift in Sources */ = {isa = PBXBuildFile; fileRef = AA100001000000000000007 /* HomeView.swift */; };
		AA000001000000000000008 /* PractitionerDetailView.swift in Sources */ = {isa = PBXBuildFile; fileRef = AA100001000000000000008 /* PractitionerDetailView.swift */; };
		AA000001000000000000009 /* BookAppointmentView.swift in Sources */ = {isa = PBXBuildFile; fileRef = AA100001000000000000009 /* BookAppointmentView.swift */; };
		AA000001000000000000010 /* AppointmentSuccessView.swift in Sources */ = {isa = PBXBuildFile; fileRef = AA100001000000000000010 /* AppointmentSuccessView.swift */; };
		AA000001000000000000011 /* MyAppointmentsView.swift in Sources */ = {isa = PBXBuildFile; fileRef = AA100001000000000000011 /* MyAppointmentsView.swift */; };
		AA000001000000000000012 /* ProfileView.swift in Sources */ = {isa = PBXBuildFile; fileRef = AA100001000000000000012 /* ProfileView.swift */; };
		AA000001000000000000013 /* EditProfileView.swift in Sources */ = {isa = PBXBuildFile; fileRef = AA100001000000000000013 /* EditProfileView.swift */; };
		AA000001000000000000014 /* ChangeEmailView.swift in Sources */ = {isa = PBXBuildFile; fileRef = AA100001000000000000014 /* ChangeEmailView.swift */; };
		AA000001000000000000015 /* ChangePasswordView.swift in Sources */ = {isa = PBXBuildFile; fileRef = AA100001000000000000015 /* ChangePasswordView.swift */; };
		AA000001000000000000016 /* SearchResultsView.swift in Sources */ = {isa = PBXBuildFile; fileRef = AA100001000000000000016 /* SearchResultsView.swift */; };
		AANEWBLD000000000000001 /* PractitionerListView.swift in Sources */ = {isa = PBXBuildFile; fileRef = AANEWREF000000000000001 /* PractitionerListView.swift */; };
		/* ViewModels */
		AA000001000000000000017 /* KoinHelper.swift in Sources */ = {isa = PBXBuildFile; fileRef = AA100001000000000000017 /* KoinHelper.swift */; };
		AA000001000000000000018 /* SplashViewModelWrapper.swift in Sources */ = {isa = PBXBuildFile; fileRef = AA100001000000000000018 /* SplashViewModelWrapper.swift */; };
		AA000001000000000000019 /* AuthViewModelWrapper.swift in Sources */ = {isa = PBXBuildFile; fileRef = AA100001000000000000019 /* AuthViewModelWrapper.swift */; };
		AA000001000000000000020 /* HomeViewModelWrapper.swift in Sources */ = {isa = PBXBuildFile; fileRef = AA100001000000000000020 /* HomeViewModelWrapper.swift */; };
		AA000001000000000000021 /* PractitionerDetailViewModelWrapper.swift in Sources */ = {isa = PBXBuildFile; fileRef = AA100001000000000000021 /* PractitionerDetailViewModelWrapper.swift */; };
		AA000001000000000000022 /* BookAppointmentViewModelWrapper.swift in Sources */ = {isa = PBXBuildFile; fileRef = AA100001000000000000022 /* BookAppointmentViewModelWrapper.swift */; };
		AA000001000000000000023 /* AppointmentSuccessViewModelWrapper.swift in Sources */ = {isa = PBXBuildFile; fileRef = AA100001000000000000023 /* AppointmentSuccessViewModelWrapper.swift */; };
		AA000001000000000000024 /* MyAppointmentsViewModelWrapper.swift in Sources */ = {isa = PBXBuildFile; fileRef = AA100001000000000000024 /* MyAppointmentsViewModelWrapper.swift */; };
		AA000001000000000000025 /* ProfileViewModelWrapper.swift in Sources */ = {isa = PBXBuildFile; fileRef = AA100001000000000000025 /* ProfileViewModelWrapper.swift */; };
		AA000001000000000000026 /* EditProfileViewModelWrapper.swift in Sources */ = {isa = PBXBuildFile; fileRef = AA100001000000000000026 /* EditProfileViewModelWrapper.swift */; };
		AA000001000000000000027 /* ChangeEmailViewModelWrapper.swift in Sources */ = {isa = PBXBuildFile; fileRef = AA100001000000000000027 /* ChangeEmailViewModelWrapper.swift */; };
		AA000001000000000000028 /* ChangePasswordViewModelWrapper.swift in Sources */ = {isa = PBXBuildFile; fileRef = AA100001000000000000028 /* ChangePasswordViewModelWrapper.swift */; };
		/* Components */
		AA000001000000000000029 /* AppCard.swift in Sources */ = {isa = PBXBuildFile; fileRef = AA100001000000000000029 /* AppCard.swift */; };
		AA000001000000000000030 /* AppToolbar.swift in Sources */ = {isa = PBXBuildFile; fileRef = AA100001000000000000030 /* AppToolbar.swift */; };
		AA000001000000000000031 /* AppointmentCard.swift in Sources */ = {isa = PBXBuildFile; fileRef = AA100001000000000000031 /* AppointmentCard.swift */; };
		AA000001000000000000032 /* AvatarCircle.swift in Sources */ = {isa = PBXBuildFile; fileRef = AA100001000000000000032 /* AvatarCircle.swift */; };
		AA000001000000000000033 /* EmptyStateView.swift in Sources */ = {isa = PBXBuildFile; fileRef = AA100001000000000000033 /* EmptyStateView.swift */; };
		AA000001000000000000034 /* ErrorView.swift in Sources */ = {isa = PBXBuildFile; fileRef = AA100001000000000000034 /* ErrorView.swift */; };
		AA000001000000000000035 /* FilterChip.swift in Sources */ = {isa = PBXBuildFile; fileRef = AA100001000000000000035 /* FilterChip.swift */; };
		AA000001000000000000036 /* GhostButton.swift in Sources */ = {isa = PBXBuildFile; fileRef = AA100001000000000000036 /* GhostButton.swift */; };
		AA000001000000000000037 /* GradientHeader.swift in Sources */ = {isa = PBXBuildFile; fileRef = AA100001000000000000037 /* GradientHeader.swift */; };
		AA000001000000000000038 /* InfoRow.swift in Sources */ = {isa = PBXBuildFile; fileRef = AA100001000000000000038 /* InfoRow.swift */; };
		AA000001000000000000039 /* LoadingView.swift in Sources */ = {isa = PBXBuildFile; fileRef = AA100001000000000000039 /* LoadingView.swift */; };
		AA000001000000000000040 /* MapPreviewCard.swift in Sources */ = {isa = PBXBuildFile; fileRef = AA100001000000000000040 /* MapPreviewCard.swift */; };
		AA000001000000000000041 /* PractitionerCard.swift in Sources */ = {isa = PBXBuildFile; fileRef = AA100001000000000000041 /* PractitionerCard.swift */; };
		AA000001000000000000042 /* PrimaryButton.swift in Sources */ = {isa = PBXBuildFile; fileRef = AA100001000000000000042 /* PrimaryButton.swift */; };
		AA000001000000000000043 /* SecondaryButton.swift in Sources */ = {isa = PBXBuildFile; fileRef = AA100001000000000000043 /* SecondaryButton.swift */; };
		AA000001000000000000044 /* SectionTitle.swift in Sources */ = {isa = PBXBuildFile; fileRef = AA100001000000000000044 /* SectionTitle.swift */; };
		AA000001000000000000045 /* StatusBadge.swift in Sources */ = {isa = PBXBuildFile; fileRef = AA100001000000000000045 /* StatusBadge.swift */; };
		AA000001000000000000045B /* ViewExtensions.swift in Sources */ = {isa = PBXBuildFile; fileRef = AA100001000000000000045B /* ViewExtensions.swift */; };
		AA000001000000000000075 /* AppScreen.swift in Sources */ = {isa = PBXBuildFile; fileRef = AA100001000000000000075 /* AppScreen.swift */; };
		AA000001000000000000076 /* AppTextLink.swift in Sources */ = {isa = PBXBuildFile; fileRef = AA100001000000000000076 /* AppTextLink.swift */; };
		AA000001000000000000077 /* AppTypography.swift in Sources */ = {isa = PBXBuildFile; fileRef = AA100001000000000000077 /* AppTypography.swift */; };
		AA000001000000000000078 /* SearchCard.swift in Sources */ = {isa = PBXBuildFile; fileRef = AA100001000000000000078 /* SearchCard.swift */; };
		AA000001000000000000079 /* SearchInputField.swift in Sources */ = {isa = PBXBuildFile; fileRef = AA100001000000000000079 /* SearchInputField.swift */; };
		AA000001000000000000080 /* AppGradientHeaderView.swift in Sources */ = {isa = PBXBuildFile; fileRef = AA100001000000000000080 /* AppGradientHeaderView.swift */; };
		AA000001000000000000081 /* AppIcon.swift in Sources */ = {isa = PBXBuildFile; fileRef = AA100001000000000000081 /* AppIcon.swift */; };
		AA000001000000000000082 /* AppIconButton.swift in Sources */ = {isa = PBXBuildFile; fileRef = AA100001000000000000082 /* AppIconButton.swift */; };
		AA000001000000000000083 /* CheckRow.swift in Sources */ = {isa = PBXBuildFile; fileRef = AA100001000000000000083 /* CheckRow.swift */; };
		AA000001000000000000084 /* GlassButton.swift in Sources */ = {isa = PBXBuildFile; fileRef = AA100001000000000000084 /* GlassButton.swift */; };
		AA000001000000000000085 /* DateUtil.swift in Sources */ = {isa = PBXBuildFile; fileRef = AA100001000000000000085 /* DateUtil.swift */; };
		AA000001000000000000086 /* PasswordStrengthExt.swift in Sources */ = {isa = PBXBuildFile; fileRef = AA100001000000000000086 /* PasswordStrengthExt.swift */; };
		/* Navigation */
		AA000001000000000000046 /* AppTabView.swift in Sources */ = {isa = PBXBuildFile; fileRef = AA100001000000000000046 /* AppTabView.swift */; };
		AA000001000000000000047 /* RootView.swift in Sources */ = {isa = PBXBuildFile; fileRef = AA100001000000000000047 /* RootView.swift */; };
		/* Theme */
		AA000001000000000000048 /* AppColors.swift in Sources */ = {isa = PBXBuildFile; fileRef = AA100001000000000000048 /* AppColors.swift */; };
		AA000001000000000000049 /* AppDimens.swift in Sources */ = {isa = PBXBuildFile; fileRef = AA100001000000000000049 /* AppDimens.swift */; };
		AA000001000000000000050 /* AppFonts.swift in Sources */ = {isa = PBXBuildFile; fileRef = AA100001000000000000050 /* AppFonts.swift */; };
		AA000001000000000000051 /* ThemeManager.swift in Sources */ = {isa = PBXBuildFile; fileRef = AA100001000000000000051 /* ThemeManager.swift */; };
		/* Storage */
		AA000001000000000000052 /* KeychainStorage.swift in Sources */ = {isa = PBXBuildFile; fileRef = AA100001000000000000052 /* KeychainStorage.swift */; };
		/* Info */
		AA000001000000000000053 /* WhoAreWeView.swift in Sources */ = {isa = PBXBuildFile; fileRef = AA100001000000000000053 /* WhoAreWeView.swift */; };
		/* Resources */
		AA000001000000000000060 /* Assets.xcassets in Resources */ = {isa = PBXBuildFile; fileRef = AA100001000000000000060 /* Assets.xcassets */; };
		AA000001000000000000061 /* Info.plist in Resources */ = {isa = PBXBuildFile; fileRef = AA100001000000000000061 /* Info.plist */; };
		/* Test files */
		AA000001000000000000070 /* AuthViewModelTests.swift in Sources */ = {isa = PBXBuildFile; fileRef = AA100001000000000000070 /* AuthViewModelTests.swift */; };
		AA000001000000000000071 /* HomeViewModelTests.swift in Sources */ = {isa = PBXBuildFile; fileRef = AA100001000000000000071 /* HomeViewModelTests.swift */; };
		AA000001000000000000072 /* BookAppointmentViewModelTests.swift in Sources */ = {isa = PBXBuildFile; fileRef = AA100001000000000000072 /* BookAppointmentViewModelTests.swift */; };
		AA000001000000000000073 /* KeychainStorageTests.swift in Sources */ = {isa = PBXBuildFile; fileRef = AA100001000000000000073 /* KeychainStorageTests.swift */; };
		AA000001000000000000074 /* ThemeManagerTests.swift in Sources */ = {isa = PBXBuildFile; fileRef = AA100001000000000000074 /* ThemeManagerTests.swift */; };
/* End PBXBuildFile section */

/* Begin PBXFileReference section */
		AA100001000000000000001 /* eSklepiosApp.swift */ = {isa = PBXFileReference; lastKnownFileType = sourcecode.swift; path = eSklepiosApp.swift; sourceTree = "<group>"; };
		AA100001000000000000002 /* SplashView.swift */ = {isa = PBXFileReference; lastKnownFileType = sourcecode.swift; path = SplashView.swift; sourceTree = "<group>"; };
		AA100001000000000000003 /* LandingView.swift */ = {isa = PBXFileReference; lastKnownFileType = sourcecode.swift; path = LandingView.swift; sourceTree = "<group>"; };
		AA100001000000000000004 /* LoginView.swift */ = {isa = PBXFileReference; lastKnownFileType = sourcecode.swift; path = LoginView.swift; sourceTree = "<group>"; };
		AA100001000000000000005 /* RegisterView.swift */ = {isa = PBXFileReference; lastKnownFileType = sourcecode.swift; path = RegisterView.swift; sourceTree = "<group>"; };
		AA100001000000000000006 /* ForgotPasswordView.swift */ = {isa = PBXFileReference; lastKnownFileType = sourcecode.swift; path = ForgotPasswordView.swift; sourceTree = "<group>"; };
		AA100001000000000000007 /* HomeView.swift */ = {isa = PBXFileReference; lastKnownFileType = sourcecode.swift; path = HomeView.swift; sourceTree = "<group>"; };
		AA100001000000000000008 /* PractitionerDetailView.swift */ = {isa = PBXFileReference; lastKnownFileType = sourcecode.swift; path = PractitionerDetailView.swift; sourceTree = "<group>"; };
		AA100001000000000000009 /* BookAppointmentView.swift */ = {isa = PBXFileReference; lastKnownFileType = sourcecode.swift; path = BookAppointmentView.swift; sourceTree = "<group>"; };
		AA100001000000000000010 /* AppointmentSuccessView.swift */ = {isa = PBXFileReference; lastKnownFileType = sourcecode.swift; path = AppointmentSuccessView.swift; sourceTree = "<group>"; };
		AA100001000000000000011 /* MyAppointmentsView.swift */ = {isa = PBXFileReference; lastKnownFileType = sourcecode.swift; path = MyAppointmentsView.swift; sourceTree = "<group>"; };
		AA100001000000000000012 /* ProfileView.swift */ = {isa = PBXFileReference; lastKnownFileType = sourcecode.swift; path = ProfileView.swift; sourceTree = "<group>"; };
		AA100001000000000000013 /* EditProfileView.swift */ = {isa = PBXFileReference; lastKnownFileType = sourcecode.swift; path = EditProfileView.swift; sourceTree = "<group>"; };
		AA100001000000000000014 /* ChangeEmailView.swift */ = {isa = PBXFileReference; lastKnownFileType = sourcecode.swift; path = ChangeEmailView.swift; sourceTree = "<group>"; };
		AA100001000000000000015 /* ChangePasswordView.swift */ = {isa = PBXFileReference; lastKnownFileType = sourcecode.swift; path = ChangePasswordView.swift; sourceTree = "<group>"; };
		AA100001000000000000016 /* SearchResultsView.swift */ = {isa = PBXFileReference; lastKnownFileType = sourcecode.swift; path = SearchResultsView.swift; sourceTree = "<group>"; };
		AA100001000000000000017 /* KoinHelper.swift */ = {isa = PBXFileReference; lastKnownFileType = sourcecode.swift; path = KoinHelper.swift; sourceTree = "<group>"; };
		AA100001000000000000018 /* SplashViewModelWrapper.swift */ = {isa = PBXFileReference; lastKnownFileType = sourcecode.swift; path = SplashViewModelWrapper.swift; sourceTree = "<group>"; };
		AA100001000000000000019 /* AuthViewModelWrapper.swift */ = {isa = PBXFileReference; lastKnownFileType = sourcecode.swift; path = AuthViewModelWrapper.swift; sourceTree = "<group>"; };
		AA100001000000000000020 /* HomeViewModelWrapper.swift */ = {isa = PBXFileReference; lastKnownFileType = sourcecode.swift; path = HomeViewModelWrapper.swift; sourceTree = "<group>"; };
		AA100001000000000000021 /* PractitionerDetailViewModelWrapper.swift */ = {isa = PBXFileReference; lastKnownFileType = sourcecode.swift; path = PractitionerDetailViewModelWrapper.swift; sourceTree = "<group>"; };
		AA100001000000000000022 /* BookAppointmentViewModelWrapper.swift */ = {isa = PBXFileReference; lastKnownFileType = sourcecode.swift; path = BookAppointmentViewModelWrapper.swift; sourceTree = "<group>"; };
		AA100001000000000000023 /* AppointmentSuccessViewModelWrapper.swift */ = {isa = PBXFileReference; lastKnownFileType = sourcecode.swift; path = AppointmentSuccessViewModelWrapper.swift; sourceTree = "<group>"; };
		AA100001000000000000024 /* MyAppointmentsViewModelWrapper.swift */ = {isa = PBXFileReference; lastKnownFileType = sourcecode.swift; path = MyAppointmentsViewModelWrapper.swift; sourceTree = "<group>"; };
		AA100001000000000000025 /* ProfileViewModelWrapper.swift */ = {isa = PBXFileReference; lastKnownFileType = sourcecode.swift; path = ProfileViewModelWrapper.swift; sourceTree = "<group>"; };
		AA100001000000000000026 /* EditProfileViewModelWrapper.swift */ = {isa = PBXFileReference; lastKnownFileType = sourcecode.swift; path = EditProfileViewModelWrapper.swift; sourceTree = "<group>"; };
		AA100001000000000000027 /* ChangeEmailViewModelWrapper.swift */ = {isa = PBXFileReference; lastKnownFileType = sourcecode.swift; path = ChangeEmailViewModelWrapper.swift; sourceTree = "<group>"; };
		AA100001000000000000028 /* ChangePasswordViewModelWrapper.swift */ = {isa = PBXFileReference; lastKnownFileType = sourcecode.swift; path = ChangePasswordViewModelWrapper.swift; sourceTree = "<group>"; };
		AA100001000000000000029 /* AppCard.swift */ = {isa = PBXFileReference; lastKnownFileType = sourcecode.swift; path = AppCard.swift; sourceTree = "<group>"; };
		AA100001000000000000030 /* AppToolbar.swift */ = {isa = PBXFileReference; lastKnownFileType = sourcecode.swift; path = AppToolbar.swift; sourceTree = "<group>"; };
		AA100001000000000000031 /* AppointmentCard.swift */ = {isa = PBXFileReference; lastKnownFileType = sourcecode.swift; path = AppointmentCard.swift; sourceTree = "<group>"; };
		AA100001000000000000032 /* AvatarCircle.swift */ = {isa = PBXFileReference; lastKnownFileType = sourcecode.swift; path = AvatarCircle.swift; sourceTree = "<group>"; };
		AA100001000000000000033 /* EmptyStateView.swift */ = {isa = PBXFileReference; lastKnownFileType = sourcecode.swift; path = EmptyStateView.swift; sourceTree = "<group>"; };
		AA100001000000000000034 /* ErrorView.swift */ = {isa = PBXFileReference; lastKnownFileType = sourcecode.swift; path = ErrorView.swift; sourceTree = "<group>"; };
		AA100001000000000000035 /* FilterChip.swift */ = {isa = PBXFileReference; lastKnownFileType = sourcecode.swift; path = FilterChip.swift; sourceTree = "<group>"; };
		AA100001000000000000036 /* GhostButton.swift */ = {isa = PBXFileReference; lastKnownFileType = sourcecode.swift; path = GhostButton.swift; sourceTree = "<group>"; };
		AA100001000000000000037 /* GradientHeader.swift */ = {isa = PBXFileReference; lastKnownFileType = sourcecode.swift; path = GradientHeader.swift; sourceTree = "<group>"; };
		AA100001000000000000038 /* InfoRow.swift */ = {isa = PBXFileReference; lastKnownFileType = sourcecode.swift; path = InfoRow.swift; sourceTree = "<group>"; };
		AA100001000000000000039 /* LoadingView.swift */ = {isa = PBXFileReference; lastKnownFileType = sourcecode.swift; path = LoadingView.swift; sourceTree = "<group>"; };
		AA100001000000000000040 /* MapPreviewCard.swift */ = {isa = PBXFileReference; lastKnownFileType = sourcecode.swift; path = MapPreviewCard.swift; sourceTree = "<group>"; };
		AA100001000000000000041 /* PractitionerCard.swift */ = {isa = PBXFileReference; lastKnownFileType = sourcecode.swift; path = PractitionerCard.swift; sourceTree = "<group>"; };
		AA100001000000000000042 /* PrimaryButton.swift */ = {isa = PBXFileReference; lastKnownFileType = sourcecode.swift; path = PrimaryButton.swift; sourceTree = "<group>"; };
		AA100001000000000000043 /* SecondaryButton.swift */ = {isa = PBXFileReference; lastKnownFileType = sourcecode.swift; path = SecondaryButton.swift; sourceTree = "<group>"; };
		AA100001000000000000044 /* SectionTitle.swift */ = {isa = PBXFileReference; lastKnownFileType = sourcecode.swift; path = SectionTitle.swift; sourceTree = "<group>"; };
		AA100001000000000000045 /* StatusBadge.swift */ = {isa = PBXFileReference; lastKnownFileType = sourcecode.swift; path = StatusBadge.swift; sourceTree = "<group>"; };
		AA100001000000000000045B /* ViewExtensions.swift */ = {isa = PBXFileReference; lastKnownFileType = sourcecode.swift; path = ViewExtensions.swift; sourceTree = "<group>"; };
		AA100001000000000000075 /* AppScreen.swift */ = {isa = PBXFileReference; lastKnownFileType = sourcecode.swift; path = AppScreen.swift; sourceTree = "<group>"; };
		AA100001000000000000076 /* AppTextLink.swift */ = {isa = PBXFileReference; lastKnownFileType = sourcecode.swift; path = AppTextLink.swift; sourceTree = "<group>"; };
		AA100001000000000000077 /* AppTypography.swift */ = {isa = PBXFileReference; lastKnownFileType = sourcecode.swift; path = AppTypography.swift; sourceTree = "<group>"; };
		AA100001000000000000078 /* SearchCard.swift */ = {isa = PBXFileReference; lastKnownFileType = sourcecode.swift; path = SearchCard.swift; sourceTree = "<group>"; };
		AA100001000000000000079 /* SearchInputField.swift */ = {isa = PBXFileReference; lastKnownFileType = sourcecode.swift; path = SearchInputField.swift; sourceTree = "<group>"; };
		AA100001000000000000080 /* AppGradientHeaderView.swift */ = {isa = PBXFileReference; lastKnownFileType = sourcecode.swift; path = AppGradientHeaderView.swift; sourceTree = "<group>"; };
		AA100001000000000000081 /* AppIcon.swift */ = {isa = PBXFileReference; lastKnownFileType = sourcecode.swift; path = AppIcon.swift; sourceTree = "<group>"; };
		AA100001000000000000082 /* AppIconButton.swift */ = {isa = PBXFileReference; lastKnownFileType = sourcecode.swift; path = AppIconButton.swift; sourceTree = "<group>"; };
		AA100001000000000000083 /* CheckRow.swift */ = {isa = PBXFileReference; lastKnownFileType = sourcecode.swift; path = CheckRow.swift; sourceTree = "<group>"; };
		AA100001000000000000084 /* GlassButton.swift */ = {isa = PBXFileReference; lastKnownFileType = sourcecode.swift; path = GlassButton.swift; sourceTree = "<group>"; };
		AA100001000000000000085 /* DateUtil.swift */ = {isa = PBXFileReference; lastKnownFileType = sourcecode.swift; path = DateUtil.swift; sourceTree = "<group>"; };
		AA100001000000000000086 /* PasswordStrengthExt.swift */ = {isa = PBXFileReference; lastKnownFileType = sourcecode.swift; path = PasswordStrengthExt.swift; sourceTree = "<group>"; };
		AANEWREF000000000000001 /* PractitionerListView.swift */ = {isa = PBXFileReference; lastKnownFileType = sourcecode.swift; path = PractitionerListView.swift; sourceTree = "<group>"; };
		AA100001000000000000046 /* AppTabView.swift */ = {isa = PBXFileReference; lastKnownFileType = sourcecode.swift; path = AppTabView.swift; sourceTree = "<group>"; };
		AA100001000000000000047 /* RootView.swift */ = {isa = PBXFileReference; lastKnownFileType = sourcecode.swift; path = RootView.swift; sourceTree = "<group>"; };
		AA100001000000000000048 /* AppColors.swift */ = {isa = PBXFileReference; lastKnownFileType = sourcecode.swift; path = AppColors.swift; sourceTree = "<group>"; };
		AA100001000000000000049 /* AppDimens.swift */ = {isa = PBXFileReference; lastKnownFileType = sourcecode.swift; path = AppDimens.swift; sourceTree = "<group>"; };
		AA100001000000000000050 /* AppFonts.swift */ = {isa = PBXFileReference; lastKnownFileType = sourcecode.swift; path = AppFonts.swift; sourceTree = "<group>"; };
		AA100001000000000000051 /* ThemeManager.swift */ = {isa = PBXFileReference; lastKnownFileType = sourcecode.swift; path = ThemeManager.swift; sourceTree = "<group>"; };
		AA100001000000000000052 /* KeychainStorage.swift */ = {isa = PBXFileReference; lastKnownFileType = sourcecode.swift; path = KeychainStorage.swift; sourceTree = "<group>"; };
		AA100001000000000000053 /* WhoAreWeView.swift */ = {isa = PBXFileReference; lastKnownFileType = sourcecode.swift; path = WhoAreWeView.swift; sourceTree = "<group>"; };
		AA100001000000000000060 /* Assets.xcassets */ = {isa = PBXFileReference; lastKnownFileType = folder.assetcatalog; path = Assets.xcassets; sourceTree = "<group>"; };
		AA100001000000000000061 /* Info.plist */ = {isa = PBXFileReference; lastKnownFileType = text.plist.xml; path = Info.plist; sourceTree = "<group>"; };
		AA100001000000000000070 /* AuthViewModelTests.swift */ = {isa = PBXFileReference; lastKnownFileType = sourcecode.swift; path = AuthViewModelTests.swift; sourceTree = "<group>"; };
		AA100001000000000000071 /* HomeViewModelTests.swift */ = {isa = PBXFileReference; lastKnownFileType = sourcecode.swift; path = HomeViewModelTests.swift; sourceTree = "<group>"; };
		AA100001000000000000072 /* BookAppointmentViewModelTests.swift */ = {isa = PBXFileReference; lastKnownFileType = sourcecode.swift; path = BookAppointmentViewModelTests.swift; sourceTree = "<group>"; };
		AA100001000000000000073 /* KeychainStorageTests.swift */ = {isa = PBXFileReference; lastKnownFileType = sourcecode.swift; path = KeychainStorageTests.swift; sourceTree = "<group>"; };
		AA100001000000000000074 /* ThemeManagerTests.swift */ = {isa = PBXFileReference; lastKnownFileType = sourcecode.swift; path = ThemeManagerTests.swift; sourceTree = "<group>"; };
		AAPROD0000000000000001 /* eSklepios.app */ = {isa = PBXFileReference; explicitFileType = wrapper.application; includeInIndex = 0; path = eSklepios.app; sourceTree = BUILT_PRODUCTS_DIR; };
		AAPROD0000000000000002 /* eSklepiosTests.xctest */ = {isa = PBXFileReference; explicitFileType = wrapper.cfbundle; includeInIndex = 0; path = eSklepiosTests.xctest; sourceTree = BUILT_PRODUCTS_DIR; };
/* End PBXFileReference section */

/* Begin PBXFrameworksBuildPhase section */
		AAPHASE000000000000001 /* Frameworks */ = {
			isa = PBXFrameworksBuildPhase;
			buildActionMask = 2147483647;
			files = (
			);
			runOnlyForDeploymentPostprocessing = 0;
		};
		AAPHASE000000000000002 /* Frameworks (Tests) */ = {
			isa = PBXFrameworksBuildPhase;
			buildActionMask = 2147483647;
			files = (
			);
			runOnlyForDeploymentPostprocessing = 0;
		};
/* End PBXFrameworksBuildPhase section */

/* Begin PBXGroup section */
		AAGRP0000000000000001 /* Products */ = {
			isa = PBXGroup;
			children = (
				AAPROD0000000000000001 /* eSklepios.app */,
				AAPROD0000000000000002 /* eSklepiosTests.xctest */,
			);
			name = Products;
			sourceTree = "<group>";
		};
		AAGRP0000000000000002 /* eSklepios */ = {
			isa = PBXGroup;
			children = (
				AA100001000000000000001 /* eSklepiosApp.swift */,
				AA100001000000000000060 /* Assets.xcassets */,
				AA100001000000000000061 /* Info.plist */,
				AAGRP0000000000000020 /* Features */,
				AAGRP0000000000000030 /* Core */,
				AAGRP0000000000000015 /* Storage */,
			);
			path = eSklepios;
			sourceTree = "<group>";
		};
		AAGRP0000000000000003 /* eSklepiosTests */ = {
			isa = PBXGroup;
			children = (
				AA100001000000000000070 /* AuthViewModelTests.swift */,
				AA100001000000000000071 /* HomeViewModelTests.swift */,
				AA100001000000000000072 /* BookAppointmentViewModelTests.swift */,
				AA100001000000000000073 /* KeychainStorageTests.swift */,
				AA100001000000000000074 /* ThemeManagerTests.swift */,
			);
			path = eSklepiosTests;
			sourceTree = "<group>";
		};
		/* Features */
		AAGRP0000000000000020 /* Features */ = {
			isa = PBXGroup;
			children = (
				AAGRP0000000000000022 /* Auth */,
				AAGRP0000000000000021 /* Dashboard */,
				AAGRP0000000000000021A /* Splash */,
				AAGRP0000000000000021B /* Landing */,
				AAGRP0000000000000021F /* Info */,
			);
			path = Features;
			sourceTree = "<group>";
		};
		AAGRP0000000000000021 /* Dashboard */ = {
			isa = PBXGroup;
			children = (
				AAGRP0000000000000021C /* Home */,
				AAGRP0000000000000024 /* Appointments */,
				AAGRP0000000000000025 /* Profile */,
			);
			name = Dashboard;
			path = Dashboard;
			sourceTree = "<group>";
		};
		AAGRP0000000000000021A /* Splash */ = {
			isa = PBXGroup;
			children = (
				AA100001000000000000002 /* SplashView.swift */,
				AA100001000000000000018 /* SplashViewModelWrapper.swift */,
			);
			path = Splash;
			sourceTree = "<group>";
		};
		AAGRP0000000000000021B /* Landing */ = {
			isa = PBXGroup;
			children = (
				AA100001000000000000003 /* LandingView.swift */,
			);
			path = Landing;
			sourceTree = "<group>";
		};
		AAGRP0000000000000021F /* Info */ = {
			isa = PBXGroup;
			children = (
				AA100001000000000000053 /* WhoAreWeView.swift */,
			);
			path = Info;
			sourceTree = "<group>";
		};
		AAGRP0000000000000021C /* Home */ = {
			isa = PBXGroup;
			children = (
				AA100001000000000000007 /* HomeView.swift */,
				AA100001000000000000020 /* HomeViewModelWrapper.swift */,
				AAGRP0000000000000021E /* PractitionerDetail */,
				AAGRP0000000000000021D /* PractitionerList */,
			);
			path = Home;
			sourceTree = "<group>";
		};
		AAGRP0000000000000021D /* PractitionerList */ = {
			isa = PBXGroup;
			children = (
				AANEWREF000000000000001 /* PractitionerListView.swift */,
				AA100001000000000000016 /* SearchResultsView.swift */,
			);
			name = PractitionerList;
			path = PractitionerList;
			sourceTree = "<group>";
		};
		AAGRP0000000000000021E /* PractitionerDetail */ = {
			isa = PBXGroup;
			children = (
				AA100001000000000000008 /* PractitionerDetailView.swift */,
				AA100001000000000000021 /* PractitionerDetailViewModelWrapper.swift */,
			);
			path = PractitionerDetail;
			sourceTree = "<group>";
		};
		AAGRP0000000000000022 /* Auth */ = {
			isa = PBXGroup;
			children = (
				AAGRP0000000000000022A /* Login */,
				AAGRP0000000000000022B /* Register */,
				AAGRP0000000000000022C /* ForgotPassword */,
			);
			path = Auth;
			sourceTree = "<group>";
		};
		AAGRP0000000000000022A /* Login */ = {
			isa = PBXGroup;
			children = (
				AA100001000000000000004 /* LoginView.swift */,
				AA100001000000000000019 /* AuthViewModelWrapper.swift */,
			);
			path = Login;
			sourceTree = "<group>";
		};
		AAGRP0000000000000022B /* Register */ = {
			isa = PBXGroup;
			children = (
				AA100001000000000000005 /* RegisterView.swift */,
			);
			path = Register;
			sourceTree = "<group>";
		};
		AAGRP0000000000000022C /* ForgotPassword */ = {
			isa = PBXGroup;
			children = (
				AA100001000000000000006 /* ForgotPasswordView.swift */,
			);
			path = ForgotPassword;
			sourceTree = "<group>";
		};
		AAGRP0000000000000023 /* Booking */ = {
			isa = PBXGroup;
			children = (
				AA100001000000000000009 /* BookAppointmentView.swift */,
				AA100001000000000000022 /* BookAppointmentViewModelWrapper.swift */,
				AA100001000000000000010 /* AppointmentSuccessView.swift */,
				AA100001000000000000023 /* AppointmentSuccessViewModelWrapper.swift */,
			);
			name = Booking;
			path = Booking;
			sourceTree = "<group>";
		};
		AAGRP0000000000000024 /* Appointments */ = {
			isa = PBXGroup;
			children = (
				AA100001000000000000011 /* MyAppointmentsView.swift */,
				AA100001000000000000024 /* MyAppointmentsViewModelWrapper.swift */,
				AAGRP0000000000000023 /* Booking */,
			);
			path = Appointments;
			sourceTree = "<group>";
		};
		AAGRP0000000000000025 /* Profile */ = {
			isa = PBXGroup;
			children = (
				AA100001000000000000012 /* ProfileView.swift */,
				AA100001000000000000025 /* ProfileViewModelWrapper.swift */,
				AAGRP0000000000000026 /* ProfileEdit */,
			);
			path = Profile;
			sourceTree = "<group>";
		};
		AAGRP0000000000000026 /* ProfileEdit */ = {
			isa = PBXGroup;
			children = (
				AA100001000000000000013 /* EditProfileView.swift */,
				AA100001000000000000026 /* EditProfileViewModelWrapper.swift */,
				AA100001000000000000014 /* ChangeEmailView.swift */,
				AA100001000000000000027 /* ChangeEmailViewModelWrapper.swift */,
				AA100001000000000000015 /* ChangePasswordView.swift */,
				AA100001000000000000028 /* ChangePasswordViewModelWrapper.swift */,
			);
			path = ProfileEdit;
			sourceTree = "<group>";
		};
		/* Core */
		AAGRP0000000000000030 /* Core */ = {
			isa = PBXGroup;
			children = (
				AAGRP0000000000000031 /* UI */,
				AAGRP0000000000000034 /* Navigation */,
				AAGRP0000000000000035 /* DI */,
				AAGRP0000000000000036 /* Utils */,
			);
			path = Core;
			sourceTree = "<group>";
		};
		AAGRP0000000000000036 /* Utils */ = {
			isa = PBXGroup;
			children = (
				AA100001000000000000085 /* DateUtil.swift */,
				AA100001000000000000086 /* PasswordStrengthExt.swift */,
			);
			path = Utils;
			sourceTree = "<group>";
		};
		AAGRP0000000000000031 /* UI */ = {
			isa = PBXGroup;
			children = (
				AAGRP0000000000000032 /* Components */,
				AAGRP0000000000000033 /* Theme */,
			);
			path = UI;
			sourceTree = "<group>";
		};
		AAGRP0000000000000032 /* Components */ = {
			isa = PBXGroup;
			children = (
				AA100001000000000000029 /* AppCard.swift */,
				AA100001000000000000030 /* AppToolbar.swift */,
				AA100001000000000000031 /* AppointmentCard.swift */,
				AA100001000000000000032 /* AvatarCircle.swift */,
				AA100001000000000000033 /* EmptyStateView.swift */,
				AA100001000000000000034 /* ErrorView.swift */,
				AA100001000000000000035 /* FilterChip.swift */,
				AA100001000000000000036 /* GhostButton.swift */,
				AA100001000000000000037 /* GradientHeader.swift */,
				AA100001000000000000038 /* InfoRow.swift */,
				AA100001000000000000039 /* LoadingView.swift */,
				AA100001000000000000040 /* MapPreviewCard.swift */,
				AA100001000000000000041 /* PractitionerCard.swift */,
				AA100001000000000000042 /* PrimaryButton.swift */,
				AA100001000000000000043 /* SecondaryButton.swift */,
				AA100001000000000000044 /* SectionTitle.swift */,
				AA100001000000000000045 /* StatusBadge.swift */,
				AA100001000000000000045B /* ViewExtensions.swift */,
				AA100001000000000000075 /* AppScreen.swift */,
				AA100001000000000000076 /* AppTextLink.swift */,
				AA100001000000000000077 /* AppTypography.swift */,
				AA100001000000000000078 /* SearchCard.swift */,
				AA100001000000000000079 /* SearchInputField.swift */,
				AA100001000000000000080 /* AppGradientHeaderView.swift */,
				AA100001000000000000081 /* AppIcon.swift */,
				AA100001000000000000082 /* AppIconButton.swift */,
				AA100001000000000000083 /* CheckRow.swift */,
				AA100001000000000000084 /* GlassButton.swift */,
			);
			path = Components;
			sourceTree = "<group>";
		};
		AAGRP0000000000000033 /* Theme */ = {
			isa = PBXGroup;
			children = (
				AA100001000000000000048 /* AppColors.swift */,
				AA100001000000000000049 /* AppDimens.swift */,
				AA100001000000000000050 /* AppFonts.swift */,
				AA100001000000000000051 /* ThemeManager.swift */,
			);
			path = Theme;
			sourceTree = "<group>";
		};
		AAGRP0000000000000034 /* Navigation */ = {
			isa = PBXGroup;
			children = (
				AA100001000000000000046 /* AppTabView.swift */,
				AA100001000000000000047 /* RootView.swift */,
			);
			path = Navigation;
			sourceTree = "<group>";
		};
		AAGRP0000000000000035 /* DI */ = {
			isa = PBXGroup;
			children = (
				AA100001000000000000017 /* KoinHelper.swift */,
			);
			path = DI;
			sourceTree = "<group>";
		};
		AAGRP0000000000000015 /* Storage */ = {
			isa = PBXGroup;
			children = (
				AA100001000000000000052 /* KeychainStorage.swift */,
			);
			path = Storage;
			sourceTree = "<group>";
		};
		AAROOT000000000000001 = {
			isa = PBXGroup;
			children = (
				AAGRP0000000000000002 /* eSklepios */,
				AAGRP0000000000000003 /* eSklepiosTests */,
				AAGRP0000000000000001 /* Products */,
			);
			sourceTree = "<group>";
		};
/* End PBXGroup section */

/* Begin PBXNativeTarget section */
		AATARGET000000000001 /* eSklepios */ = {
			isa = PBXNativeTarget;
			buildConfigurationList = AACONFIGLIST0000000001 /* Build configuration list for PBXNativeTarget "eSklepios" */;
			buildPhases = (
				AASCRIPT000000000001 /* Build KMM shared framework */,
				AAPHASE000000000000001 /* Frameworks */,
				AASOURCES000000000001 /* Sources */,
				AARESOURCES000000000001 /* Resources */,
			);
			buildRules = (
			);
			dependencies = (
			);
			name = eSklepios;
			productName = eSklepios;
			productReference = AAPROD0000000000000001 /* eSklepios.app */;
			productType = "com.apple.product-type.application";
		};
		AATARGET000000000002 /* eSklepiosTests */ = {
			isa = PBXNativeTarget;
			buildConfigurationList = AACONFIGLIST0000000002 /* Build configuration list for PBXNativeTarget "eSklepiosTests" */;
			buildPhases = (
				AAPHASE000000000000002 /* Frameworks (Tests) */,
				AASOURCES000000000002 /* Sources (Tests) */,
				AARESOURCES000000000002 /* Resources (Tests) */,
			);
			buildRules = (
			);
			dependencies = (
				AADEP0000000000000001 /* PBXTargetDependency */,
			);
			name = eSklepiosTests;
			productName = eSklepiosTests;
			productReference = AAPROD0000000000000002 /* eSklepiosTests.xctest */;
			productType = "com.apple.product-type.bundle.unit-test";
		};
/* End PBXNativeTarget section */

/* Begin PBXProject section */
		AAPROJECT000000000001 /* Project object */ = {
			isa = PBXProject;
			attributes = {
				BuildIndependentTargetsInParallel = 1;
				LastSwiftUpdateCheck = 1500;
				LastUpgradeCheck = 1500;
				TargetAttributes = {
					AATARGET000000000001 = {
						CreatedOnToolsVersion = 15.0;
					};
					AATARGET000000000002 = {
						CreatedOnToolsVersion = 15.0;
						TestTargetID = AATARGET000000000001;
					};
				};
			};
			buildConfigurationList = AACONFIGLIST0000000000 /* Build configuration list for PBXProject "eSklepios" */;
			compatibilityVersion = "Xcode 14.0";
			developmentRegion = en;
			hasScannedForEncodings = 0;
			knownRegions = (
				en,
				Base,
				fr,
				de,
				lb,
			);
			mainGroup = AAROOT000000000000001;
			productRefGroup = AAGRP0000000000000001 /* Products */;
			projectDirPath = "";
			projectRoot = "";
			targets = (
				AATARGET000000000001 /* eSklepios */,
				AATARGET000000000002 /* eSklepiosTests */,
			);
		};
/* End PBXProject section */

/* Begin PBXResourcesBuildPhase section */
		AARESOURCES000000000001 /* Resources */ = {
			isa = PBXResourcesBuildPhase;
			buildActionMask = 2147483647;
			files = (
				AA000001000000000000060 /* Assets.xcassets in Resources */,
			);
			runOnlyForDeploymentPostprocessing = 0;
		};
		AARESOURCES000000000002 /* Resources (Tests) */ = {
			isa = PBXResourcesBuildPhase;
			buildActionMask = 2147483647;
			files = (
			);
			runOnlyForDeploymentPostprocessing = 0;
		};
/* End PBXResourcesBuildPhase section */

/* Begin PBXShellScriptBuildPhase section */
		AASCRIPT000000000001 /* Build KMM shared framework */ = {
			isa = PBXShellScriptBuildPhase;
			buildActionMask = 2147483647;
			files = (
			);
			inputFileListPaths = (
			);
			inputPaths = (
			);
			name = "Build KMM shared framework";
			outputFileListPaths = (
			);
			outputPaths = (
			);
			runOnlyForDeploymentPostprocessing = 0;
			shellPath = /bin/sh;
			shellScript = "cd \"$SRCROOT/..\"\nif which ./gradlew > /dev/null 2>&1; then\n  ./gradlew :shared:embedAndSignAppleFrameworkForXcode\nelse\n  echo \"error: Gradle wrapper not found. Run the project from the esklepios root directory.\"\n  exit 1\nfi\n";
		};
/* End PBXShellScriptBuildPhase section */

/* Begin PBXSourcesBuildPhase section */
		AASOURCES000000000001 /* Sources */ = {
			isa = PBXSourcesBuildPhase;
			buildActionMask = 2147483647;
			files = (
				AA000001000000000000001 /* eSklepiosApp.swift in Sources */,
				AA000001000000000000002 /* SplashView.swift in Sources */,
				AA000001000000000000003 /* LandingView.swift in Sources */,
				AA000001000000000000004 /* LoginView.swift in Sources */,
				AA000001000000000000005 /* RegisterView.swift in Sources */,
				AA000001000000000000006 /* ForgotPasswordView.swift in Sources */,
				AA000001000000000000007 /* HomeView.swift in Sources */,
				AA000001000000000000008 /* PractitionerDetailView.swift in Sources */,
				AA000001000000000000009 /* BookAppointmentView.swift in Sources */,
				AA000001000000000000010 /* AppointmentSuccessView.swift in Sources */,
				AA000001000000000000011 /* MyAppointmentsView.swift in Sources */,
				AA000001000000000000012 /* ProfileView.swift in Sources */,
				AA000001000000000000013 /* EditProfileView.swift in Sources */,
				AA000001000000000000014 /* ChangeEmailView.swift in Sources */,
				AA000001000000000000015 /* ChangePasswordView.swift in Sources */,
				AA000001000000000000016 /* SearchResultsView.swift in Sources */,
				AANEWBLD000000000000001 /* PractitionerListView.swift in Sources */,
				AA000001000000000000017 /* KoinHelper.swift in Sources */,
				AA000001000000000000018 /* SplashViewModelWrapper.swift in Sources */,
				AA000001000000000000019 /* AuthViewModelWrapper.swift in Sources */,
				AA000001000000000000020 /* HomeViewModelWrapper.swift in Sources */,
				AA000001000000000000021 /* PractitionerDetailViewModelWrapper.swift in Sources */,
				AA000001000000000000022 /* BookAppointmentViewModelWrapper.swift in Sources */,
				AA000001000000000000023 /* AppointmentSuccessViewModelWrapper.swift in Sources */,
				AA000001000000000000024 /* MyAppointmentsViewModelWrapper.swift in Sources */,
				AA000001000000000000025 /* ProfileViewModelWrapper.swift in Sources */,
				AA000001000000000000026 /* EditProfileViewModelWrapper.swift in Sources */,
				AA000001000000000000027 /* ChangeEmailViewModelWrapper.swift in Sources */,
				AA000001000000000000028 /* ChangePasswordViewModelWrapper.swift in Sources */,
				AA000001000000000000029 /* AppCard.swift in Sources */,
				AA000001000000000000030 /* AppToolbar.swift in Sources */,
				AA000001000000000000031 /* AppointmentCard.swift in Sources */,
				AA000001000000000000032 /* AvatarCircle.swift in Sources */,
				AA000001000000000000033 /* EmptyStateView.swift in Sources */,
				AA000001000000000000034 /* ErrorView.swift in Sources */,
				AA000001000000000000035 /* FilterChip.swift in Sources */,
				AA000001000000000000036 /* GhostButton.swift in Sources */,
				AA000001000000000000037 /* GradientHeader.swift in Sources */,
				AA000001000000000000038 /* InfoRow.swift in Sources */,
				AA000001000000000000039 /* LoadingView.swift in Sources */,
				AA000001000000000000040 /* MapPreviewCard.swift in Sources */,
				AA000001000000000000041 /* PractitionerCard.swift in Sources */,
				AA000001000000000000042 /* PrimaryButton.swift in Sources */,
				AA000001000000000000043 /* SecondaryButton.swift in Sources */,
				AA000001000000000000044 /* SectionTitle.swift in Sources */,
				AA000001000000000000045 /* StatusBadge.swift in Sources */,
				AA000001000000000000045B /* ViewExtensions.swift in Sources */,
				AA000001000000000000075 /* AppScreen.swift in Sources */,
				AA000001000000000000076 /* AppTextLink.swift in Sources */,
				AA000001000000000000077 /* AppTypography.swift in Sources */,
				AA000001000000000000078 /* SearchCard.swift in Sources */,
				AA000001000000000000079 /* SearchInputField.swift in Sources */,
				AA000001000000000000080 /* AppGradientHeaderView.swift in Sources */,
				AA000001000000000000081 /* AppIcon.swift in Sources */,
				AA000001000000000000082 /* AppIconButton.swift in Sources */,
				AA000001000000000000083 /* CheckRow.swift in Sources */,
				AA000001000000000000084 /* GlassButton.swift in Sources */,
				AA000001000000000000085 /* DateUtil.swift in Sources */,
				AA000001000000000000086 /* PasswordStrengthExt.swift in Sources */,
				AA000001000000000000046 /* AppTabView.swift in Sources */,
				AA000001000000000000047 /* RootView.swift in Sources */,
				AA000001000000000000048 /* AppColors.swift in Sources */,
				AA000001000000000000049 /* AppDimens.swift in Sources */,
				AA000001000000000000050 /* AppFonts.swift in Sources */,
				AA000001000000000000051 /* ThemeManager.swift in Sources */,
				AA000001000000000000052 /* KeychainStorage.swift in Sources */,
				AA000001000000000000053 /* WhoAreWeView.swift in Sources */,
			);
			runOnlyForDeploymentPostprocessing = 0;
		};
		AASOURCES000000000002 /* Sources (Tests) */ = {
			isa = PBXSourcesBuildPhase;
			buildActionMask = 2147483647;
			files = (
				AA000001000000000000070 /* AuthViewModelTests.swift in Sources */,
				AA000001000000000000071 /* HomeViewModelTests.swift in Sources */,
				AA000001000000000000072 /* BookAppointmentViewModelTests.swift in Sources */,
				AA000001000000000000073 /* KeychainStorageTests.swift in Sources */,
				AA000001000000000000074 /* ThemeManagerTests.swift in Sources */,
			);
			runOnlyForDeploymentPostprocessing = 0;
		};
/* End PBXSourcesBuildPhase section */

/* Begin PBXTargetDependency section */
		AADEP0000000000000001 /* PBXTargetDependency */ = {
			isa = PBXTargetDependency;
			target = AATARGET000000000001 /* eSklepios */;
			targetProxy = AADEP0000000000000002 /* PBXContainerItemProxy */;
		};
		AADEP0000000000000002 /* PBXContainerItemProxy */ = {
			isa = PBXContainerItemProxy;
			containerPortal = AAPROJECT000000000001 /* Project object */;
			proxyType = 1;
			remoteGlobalIDString = AATARGET000000000001;
			remoteInfo = eSklepios;
		};
/* End PBXTargetDependency section */

/* Begin XCBuildConfiguration section */
		AABUILDCFG000000000001 /* Debug (Project) */ = {
			isa = XCBuildConfiguration;
			buildSettings = {
				ALWAYS_SEARCH_USER_PATHS = NO;
				ASSETCATALOG_COMPILER_GENERATE_SWIFT_ASSET_SYMBOL_EXTENSIONS = YES;
				CLANG_ANALYZER_NONNULL = YES;
				CLANG_ANALYZER_NUMBER_OBJECT_CONVERSION = YES_AGGRESSIVE;
				CLANG_CXX_LANGUAGE_STANDARD = "gnu++20";
				CLANG_ENABLE_MODULES = YES;
				CLANG_ENABLE_OBJC_ARC = YES;
				CLANG_ENABLE_OBJC_WEAK = YES;
				CLANG_WARN_BLOCK_CAPTURE_AUTORELEASING = YES;
				CLANG_WARN_BOOL_CONVERSION = YES;
				CLANG_WARN_COMMA = YES;
				CLANG_WARN_CONSTANT_CONVERSION = YES;
				CLANG_WARN_DEPRECATED_OBJC_IMPLEMENTATIONS = YES;
				CLANG_WARN_DIRECT_OBJC_ISA_USAGE = YES_ERROR;
				CLANG_WARN_DOCUMENTATION_COMMENTS = YES;
				CLANG_WARN_EMPTY_BODY = YES;
				CLANG_WARN_ENUM_CONVERSION = YES;
				CLANG_WARN_INFINITE_RECURSION = YES;
				CLANG_WARN_INT_CONVERSION = YES;
				CLANG_WARN_NON_LITERAL_NULL_CONVERSION = YES;
				CLANG_WARN_OBJC_IMPLICIT_RETAIN_SELF = YES;
				CLANG_WARN_OBJC_LITERAL_CONVERSION = YES;
				CLANG_WARN_OBJC_ROOT_CLASS = YES_ERROR;
				CLANG_WARN_QUOTED_INCLUDE_IN_FRAMEWORK_HEADER = YES;
				CLANG_WARN_RANGE_LOOP_ANALYSIS = YES;
				CLANG_WARN_STRICT_PROTOTYPES = YES;
				CLANG_WARN_SUSPICIOUS_MOVE = YES;
				CLANG_WARN_UNGUARDED_AVAILABILITY = YES_AGGRESSIVE;
				CLANG_WARN_UNREACHABLE_CODE = YES;
				CLANG_WARN__DUPLICATE_METHOD_MATCH = YES;
				COPY_PHASE_STRIP = NO;
				DEBUG_INFORMATION_FORMAT = dwarf;
				ENABLE_STRICT_OBJC_MSGSEND = YES;
				ENABLE_TESTABILITY = YES;
				ENABLE_USER_SCRIPT_SANDBOXING = NO;
				GCC_C_LANGUAGE_STANDARD = gnu17;
				GCC_DYNAMIC_NO_PIC = NO;
				GCC_NO_COMMON_BLOCKS = YES;
				GCC_OPTIMIZATION_LEVEL = 0;
				GCC_PREPROCESSOR_DEFINITIONS = (
					"DEBUG=1",
					"$(inherited)",
				);
				GCC_WARN_64_TO_32_BIT_CONVERSION = YES;
				GCC_WARN_ABOUT_RETURN_TYPE = YES_ERROR;
				GCC_WARN_UNDECLARED_SELECTOR = YES;
				GCC_WARN_UNINITIALIZED_AUTOS = YES_AGGRESSIVE;
				GCC_WARN_UNUSED_FUNCTION = YES;
				GCC_WARN_UNUSED_VARIABLE = YES;
				IPHONEOS_DEPLOYMENT_TARGET = 16.0;
				MTL_ENABLE_DEBUG_INFO = INCLUDE_SOURCE;
				MTL_FAST_MATH = YES;
				ONLY_ACTIVE_ARCH = YES;
				SDKROOT = iphoneos;
				SWIFT_ACTIVE_COMPILATION_CONDITIONS = DEBUG;
				SWIFT_OPTIMIZATION_LEVEL = "-Onone";
			};
			name = Debug;
		};
		AABUILDCFG000000000002 /* Release (Project) */ = {
			isa = XCBuildConfiguration;
			buildSettings = {
				ALWAYS_SEARCH_USER_PATHS = NO;
				ASSETCATALOG_COMPILER_GENERATE_SWIFT_ASSET_SYMBOL_EXTENSIONS = YES;
				CLANG_ANALYZER_NONNULL = YES;
				CLANG_ANALYZER_NUMBER_OBJECT_CONVERSION = YES_AGGRESSIVE;
				CLANG_CXX_LANGUAGE_STANDARD = "gnu++20";
				CLANG_ENABLE_MODULES = YES;
				CLANG_ENABLE_OBJC_ARC = YES;
				CLANG_ENABLE_OBJC_WEAK = YES;
				CLANG_WARN_BLOCK_CAPTURE_AUTORELEASING = YES;
				CLANG_WARN_BOOL_CONVERSION = YES;
				CLANG_WARN_COMMA = YES;
				CLANG_WARN_CONSTANT_CONVERSION = YES;
				CLANG_WARN_DEPRECATED_OBJC_IMPLEMENTATIONS = YES;
				CLANG_WARN_DIRECT_OBJC_ISA_USAGE = YES_ERROR;
				CLANG_WARN_DOCUMENTATION_COMMENTS = YES;
				CLANG_WARN_EMPTY_BODY = YES;
				CLANG_WARN_ENUM_CONVERSION = YES;
				CLANG_WARN_INFINITE_RECURSION = YES;
				CLANG_WARN_INT_CONVERSION = YES;
				CLANG_WARN_NON_LITERAL_NULL_CONVERSION = YES;
				CLANG_WARN_OBJC_IMPLICIT_RETAIN_SELF = YES;
				CLANG_WARN_OBJC_LITERAL_CONVERSION = YES;
				CLANG_WARN_OBJC_ROOT_CLASS = YES_ERROR;
				CLANG_WARN_QUOTED_INCLUDE_IN_FRAMEWORK_HEADER = YES;
				CLANG_WARN_RANGE_LOOP_ANALYSIS = YES;
				CLANG_WARN_STRICT_PROTOTYPES = YES;
				CLANG_WARN_SUSPICIOUS_MOVE = YES;
				CLANG_WARN_UNGUARDED_AVAILABILITY = YES_AGGRESSIVE;
				CLANG_WARN_UNREACHABLE_CODE = YES;
				CLANG_WARN__DUPLICATE_METHOD_MATCH = YES;
				COPY_PHASE_STRIP = NO;
				DEBUG_INFORMATION_FORMAT = "dwarf-with-dsym";
				ENABLE_NS_ASSERTIONS = NO;
				ENABLE_STRICT_OBJC_MSGSEND = YES;
				ENABLE_USER_SCRIPT_SANDBOXING = NO;
				GCC_C_LANGUAGE_STANDARD = gnu17;
				GCC_NO_COMMON_BLOCKS = YES;
				GCC_WARN_64_TO_32_BIT_CONVERSION = YES;
				GCC_WARN_ABOUT_RETURN_TYPE = YES_ERROR;
				GCC_WARN_UNDECLARED_SELECTOR = YES;
				GCC_WARN_UNINITIALIZED_AUTOS = YES_AGGRESSIVE;
				GCC_WARN_UNUSED_FUNCTION = YES;
				GCC_WARN_UNUSED_VARIABLE = YES;
				IPHONEOS_DEPLOYMENT_TARGET = 16.0;
				MTL_FAST_MATH = YES;
				SDKROOT = iphoneos;
				SWIFT_COMPILATION_MODE = wholemodule;
				SWIFT_OPTIMIZATION_LEVEL = "-O";
				VALIDATE_PRODUCT = YES;
			};
			name = Release;
		};
		AABUILDCFG000000000003 /* Debug (App) */ = {
			isa = XCBuildConfiguration;
			buildSettings = {
				ASSETCATALOG_COMPILER_APPICON_NAME = AppIcon;
				ASSETCATALOG_COMPILER_GLOBAL_ACCENT_COLOR_NAME = AccentColor;
				CODE_SIGN_STYLE = Automatic;
				CURRENT_PROJECT_VERSION = 1;
				DEVELOPMENT_ASSET_PATHS = "";
				ENABLE_PREVIEWS = YES;
				FRAMEWORK_SEARCH_PATHS = (
					"$(inherited)",
					"$(SRCROOT)/../shared/build/bin/iosSimulatorArm64/debugFramework",
					"$(SRCROOT)/../shared/build/bin/iosArm64/debugFramework",
					"$(SRCROOT)/../shared/bin/iosSimulatorArm64/debugFramework",
				);
				GENERATE_INFOPLIST_FILE = NO;
				INFOPLIST_FILE = eSklepios/Info.plist;
				IPHONEOS_DEPLOYMENT_TARGET = 16.0;
				LD_RUNPATH_SEARCH_PATHS = (
					"$(inherited)",
					"@executable_path/Frameworks",
				);
				MARKETING_VERSION = 1.0.0;
				PRODUCT_BUNDLE_IDENTIFIER = lu.esklepios.app;
				PRODUCT_NAME = "$(TARGET_NAME)";
				SWIFT_EMIT_LOC_STRINGS = YES;
				SWIFT_VERSION = 5.0;
				TARGETED_DEVICE_FAMILY = "1,2";
			};
			name = Debug;
		};
		AABUILDCFG000000000004 /* Release (App) */ = {
			isa = XCBuildConfiguration;
			buildSettings = {
				ASSETCATALOG_COMPILER_APPICON_NAME = AppIcon;
				ASSETCATALOG_COMPILER_GLOBAL_ACCENT_COLOR_NAME = AccentColor;
				CODE_SIGN_STYLE = Automatic;
				CURRENT_PROJECT_VERSION = 1;
				DEVELOPMENT_ASSET_PATHS = "";
				ENABLE_PREVIEWS = YES;
				FRAMEWORK_SEARCH_PATHS = (
					"$(inherited)",
					"$(SRCROOT)/../shared/build/bin/iosArm64/releaseFramework",
				);
				GENERATE_INFOPLIST_FILE = NO;
				INFOPLIST_FILE = eSklepios/Info.plist;
				IPHONEOS_DEPLOYMENT_TARGET = 16.0;
				LD_RUNPATH_SEARCH_PATHS = (
					"$(inherited)",
					"@executable_path/Frameworks",
				);
				MARKETING_VERSION = 1.0.0;
				PRODUCT_BUNDLE_IDENTIFIER = lu.esklepios.app;
				PRODUCT_NAME = "$(TARGET_NAME)";
				SWIFT_EMIT_LOC_STRINGS = YES;
				SWIFT_VERSION = 5.0;
				TARGETED_DEVICE_FAMILY = "1,2";
			};
			name = Release;
		};
		AABUILDCFG000000000005 /* Debug (Tests) */ = {
			isa = XCBuildConfiguration;
			buildSettings = {
				BUNDLE_LOADER = "$(TEST_HOST)";
				CODE_SIGN_STYLE = Automatic;
				CURRENT_PROJECT_VERSION = 1;
				GENERATE_INFOPLIST_FILE = YES;
				IPHONEOS_DEPLOYMENT_TARGET = 16.0;
				MARKETING_VERSION = 1.0.0;
				PRODUCT_BUNDLE_IDENTIFIER = lu.esklepios.app.tests;
				PRODUCT_NAME = "$(TARGET_NAME)";
				SWIFT_EMIT_LOC_STRINGS = NO;
				SWIFT_VERSION = 5.0;
				TARGETED_DEVICE_FAMILY = "1,2";
				TEST_HOST = "$(BUILT_PRODUCTS_DIR)/eSklepios.app/$(BUNDLE_EXECUTABLE_FOLDER_PATH)/eSklepios";
			};
			name = Debug;
		};
		AABUILDCFG000000000006 /* Release (Tests) */ = {
			isa = XCBuildConfiguration;
			buildSettings = {
				BUNDLE_LOADER = "$(TEST_HOST)";
				CODE_SIGN_STYLE = Automatic;
				CURRENT_PROJECT_VERSION = 1;
				GENERATE_INFOPLIST_FILE = YES;
				IPHONEOS_DEPLOYMENT_TARGET = 16.0;
				MARKETING_VERSION = 1.0.0;
				PRODUCT_BUNDLE_IDENTIFIER = lu.esklepios.app.tests;
				PRODUCT_NAME = "$(TARGET_NAME)";
				SWIFT_EMIT_LOC_STRINGS = NO;
				SWIFT_VERSION = 5.0;
				TARGETED_DEVICE_FAMILY = "1,2";
				TEST_HOST = "$(BUILT_PRODUCTS_DIR)/eSklepios.app/$(BUNDLE_EXECUTABLE_FOLDER_PATH)/eSklepios";
			};
			name = Release;
		};
/* End XCBuildConfiguration section */

/* Begin XCConfigurationList section */
		AACONFIGLIST0000000000 /* Build configuration list for PBXProject "eSklepios" */ = {
			isa = XCConfigurationList;
			buildConfigurations = (
				AABUILDCFG000000000001 /* Debug */,
				AABUILDCFG000000000002 /* Release */,
			);
			defaultConfigurationIsVisible = 0;
			defaultConfigurationName = Release;
		};
		AACONFIGLIST0000000001 /* Build configuration list for PBXNativeTarget "eSklepios" */ = {
			isa = XCConfigurationList;
			buildConfigurations = (
				AABUILDCFG000000000003 /* Debug */,
				AABUILDCFG000000000004 /* Release */,
			);
			defaultConfigurationIsVisible = 0;
			defaultConfigurationName = Release;
		};
		AACONFIGLIST0000000002 /* Build configuration list for PBXNativeTarget "eSklepiosTests" */ = {
			isa = XCConfigurationList;
			buildConfigurations = (
				AABUILDCFG000000000005 /* Debug */,
				AABUILDCFG000000000006 /* Release */,
			);
			defaultConfigurationIsVisible = 0;
			defaultConfigurationName = Release;
		};
/* End XCConfigurationList section */
	};
	rootObject = AAPROJECT000000000001 /* Project object */;
}